
Microsoft Visual Studio Solution File, Format Version 12.00
# Visual Studio Version 17
VisualStudioVersion = 17.2.32526.322
MinimumVisualStudioVersion = 10.0.40219.1
Project("{FAE04EC0-301F-11D3-BF4B-00C04F79EFBC}") = "CrudOperationWithEntity", "CrudOperationWithEntity\CrudOperationWithEntity.csproj", "{58DD834E-CC19-4C91-B314-B45F8C2C84B7}"
EndProject
Global
	GlobalSection(SolutionConfigurationPlatforms) = preSolution
		Debug|Any CPU = Debug|Any CPU
		Release|Any CPU = Release|Any CPU
	EndGlobalSection
	GlobalSection(ProjectConfigurationPlatforms) = postSolution
		{58DD834E-CC19-4C91-B314-B45F8C2C84B7}.Debug|Any CPU.ActiveCfg = Debug|Any CPU
		{58DD834E-CC19-4C91-B314-B45F8C2C84B7}.Debug|Any CPU.Build.0 = Debug|Any CPU
		{58DD834E-CC19-4C91-B314-B45F8C2C84B7}.Release|Any CPU.ActiveCfg = Release|Any CPU
		{58DD834E-CC19-4C91-B314-B45F8C2C84B7}.Release|Any CPU.Build.0 = Release|Any CPU
	EndGlobalSection
	GlobalSection(SolutionProperties) = preSolution
		HideSolutionNode = FALSE
	EndGlobalSection
	GlobalSection(ExtensibilityGlobals) = postSolution
		SolutionGuid = {1EBEA619-7FDC-47FA-8ABF-D3896F320AAA}
	EndGlobalSection
EndGlobal
